
Microsoft Visual Studio Solution File, Format Version 12.00
# Visual Studio Version 17
VisualStudioVersion = 17.14.36930.0 d17.14
MinimumVisualStudioVersion = 10.0.40219.1
Project("{FAE04EC0-301F-11D3-BF4B-00C04F79EFBC}") = "ass05", "ass05.csproj", "{9EFF2E2D-207F-40A3-9AF1-5F743967C612}"
EndProject
Global
	GlobalSection(SolutionConfigurationPlatforms) = preSolution
		Debug|Any CPU = Debug|Any CPU
		Release|Any CPU = Release|Any CPU
	EndGlobalSection
	GlobalSection(ProjectConfigurationPlatforms) = postSolution
		{9EFF2E2D-207F-40A3-9AF1-5F743967C612}.Debug|Any CPU.ActiveCfg = Debug|Any CPU
		{9EFF2E2D-207F-40A3-9AF1-5F743967C612}.Debug|Any CPU.Build.0 = Debug|Any CPU
		{9EFF2E2D-207F-40A3-9AF1-5F743967C612}.Release|Any CPU.ActiveCfg = Release|Any CPU
		{9EFF2E2D-207F-40A3-9AF1-5F743967C612}.Release|Any CPU.Build.0 = Release|Any CPU
	EndGlobalSection
	GlobalSection(SolutionProperties) = preSolution
		HideSolutionNode = FALSE
	EndGlobalSection
	GlobalSection(ExtensibilityGlobals) = postSolution
		SolutionGuid = {0D2C2FE5-A030-45CD-9E59-EDF86FD7EF46}
	EndGlobalSection
EndGlobal
