
Microsoft Visual Studio Solution File, Format Version 12.00
# Visual Studio Version 17
VisualStudioVersion = 17.14.36930.0 d17.14
MinimumVisualStudioVersion = 10.0.40219.1
Project("{FAE04EC0-301F-11D3-BF4B-00C04F79EFBC}") = "ass03", "ass03.csproj", "{7380D0D7-F97B-44BE-AD58-D669E2760119}"
EndProject
Global
	GlobalSection(SolutionConfigurationPlatforms) = preSolution
		Debug|Any CPU = Debug|Any CPU
		Release|Any CPU = Release|Any CPU
	EndGlobalSection
	GlobalSection(ProjectConfigurationPlatforms) = postSolution
		{7380D0D7-F97B-44BE-AD58-D669E2760119}.Debug|Any CPU.ActiveCfg = Debug|Any CPU
		{7380D0D7-F97B-44BE-AD58-D669E2760119}.Debug|Any CPU.Build.0 = Debug|Any CPU
		{7380D0D7-F97B-44BE-AD58-D669E2760119}.Release|Any CPU.ActiveCfg = Release|Any CPU
		{7380D0D7-F97B-44BE-AD58-D669E2760119}.Release|Any CPU.Build.0 = Release|Any CPU
	EndGlobalSection
	GlobalSection(SolutionProperties) = preSolution
		HideSolutionNode = FALSE
	EndGlobalSection
	GlobalSection(ExtensibilityGlobals) = postSolution
		SolutionGuid = {61AC3871-6CF7-42E0-B6B9-DE4985232D2A}
	EndGlobalSection
EndGlobal
